
Microsoft Visual Studio Solution File, Format Version 12.00
# Visual Studio 15
VisualStudioVersion = 15.0.28307.1022
MinimumVisualStudioVersion = 10.0.40219.1
Project("{FAE04EC0-301F-11D3-BF4B-00C04F79EFBC}") = "Longhorn TN3270", "Longhorn TN3270.csproj", "{CB34363F-04F4-40B6-81EE-40258F56DC0E}"
EndProject
Global
	GlobalSection(SolutionConfigurationPlatforms) = preSolution
		Debug|Any CPU = Debug|Any CPU
		Release|Any CPU = Release|Any CPU
	EndGlobalSection
	GlobalSection(ProjectConfigurationPlatforms) = postSolution
		{CB34363F-04F4-40B6-81EE-40258F56DC0E}.Debug|Any CPU.ActiveCfg = Debug|Any CPU
		{CB34363F-04F4-40B6-81EE-40258F56DC0E}.Debug|Any CPU.Build.0 = Debug|Any CPU
		{CB34363F-04F4-40B6-81EE-40258F56DC0E}.Release|Any CPU.ActiveCfg = Release|Any CPU
		{CB34363F-04F4-40B6-81EE-40258F56DC0E}.Release|Any CPU.Build.0 = Release|Any CPU
	EndGlobalSection
	GlobalSection(SolutionProperties) = preSolution
		HideSolutionNode = FALSE
	EndGlobalSection
	GlobalSection(ExtensibilityGlobals) = postSolution
		SolutionGuid = {F6A86578-A6E7-4CF0-A6D2-BFAFC92F0E08}
	EndGlobalSection
EndGlobal
